
Microsoft Visual Studio Solution File, Format Version 12.00
# Visual Studio Version 17
VisualStudioVersion = 17.4.33110.190
MinimumVisualStudioVersion = 10.0.40219.1
Project("{FAE04EC0-301F-11D3-BF4B-00C04F79EFBC}") = "LinkedListLibrary", "LinkedListLibrary\LinkedListLibrary.csproj", "{91654EC3-9D03-4E16-AF84-EA7AF7D08CB8}"
EndProject
Project("{FAE04EC0-301F-11D3-BF4B-00C04F79EFBC}") = "LinkedListLibrary.Test", "LinkedListLibrary.Test\LinkedListLibrary.Test.csproj", "{E0E49C36-A334-4D0E-B157-8BEFF0DCF275}"
EndProject
Global
	GlobalSection(SolutionConfigurationPlatforms) = preSolution
		Debug|Any CPU = Debug|Any CPU
		Release|Any CPU = Release|Any CPU
	EndGlobalSection
	GlobalSection(ProjectConfigurationPlatforms) = postSolution
		{91654EC3-9D03-4E16-AF84-EA7AF7D08CB8}.Debug|Any CPU.ActiveCfg = Debug|Any CPU
		{91654EC3-9D03-4E16-AF84-EA7AF7D08CB8}.Debug|Any CPU.Build.0 = Debug|Any CPU
		{91654EC3-9D03-4E16-AF84-EA7AF7D08CB8}.Release|Any CPU.ActiveCfg = Release|Any CPU
		{91654EC3-9D03-4E16-AF84-EA7AF7D08CB8}.Release|Any CPU.Build.0 = Release|Any CPU
		{E0E49C36-A334-4D0E-B157-8BEFF0DCF275}.Debug|Any CPU.ActiveCfg = Debug|Any CPU
		{E0E49C36-A334-4D0E-B157-8BEFF0DCF275}.Debug|Any CPU.Build.0 = Debug|Any CPU
		{E0E49C36-A334-4D0E-B157-8BEFF0DCF275}.Release|Any CPU.ActiveCfg = Release|Any CPU
		{E0E49C36-A334-4D0E-B157-8BEFF0DCF275}.Release|Any CPU.Build.0 = Release|Any CPU
	EndGlobalSection
	GlobalSection(SolutionProperties) = preSolution
		HideSolutionNode = FALSE
	EndGlobalSection
	GlobalSection(ExtensibilityGlobals) = postSolution
		SolutionGuid = {145FA77C-17DA-4253-A5C7-0D86E45B54B0}
	EndGlobalSection
EndGlobal
